
Microsoft Visual Studio Solution File, Format Version 12.00
# Visual Studio 2013
VisualStudioVersion = 12.0.40629.0
MinimumVisualStudioVersion = 10.0.40219.1
Project("{FAE04EC0-301F-11D3-BF4B-00C04F79EFBC}") = "OOB", "OOB\OOB.csproj", "{7DC4081C-DC07-4591-A42F-F68241ABB29C}"
EndProject
Project("{FAE04EC0-301F-11D3-BF4B-00C04F79EFBC}") = "LibControles", "LibControles\LibControles.csproj", "{53BF5CC0-C458-4ADD-A8CB-87223E98C7CA}"
EndProject
Project("{FAE04EC0-301F-11D3-BF4B-00C04F79EFBC}") = "DataProvSistema", "DataProvSistema\DataProvSistema.csproj", "{E65913AC-C30D-494B-B11E-473FD448A981}"
EndProject
Project("{FAE04EC0-301F-11D3-BF4B-00C04F79EFBC}") = "ModSistema", "ModSistema\ModSistema.csproj", "{5A6F4359-B1A3-4838-BDA5-D209D81D3F18}"
EndProject
Global
	GlobalSection(SolutionConfigurationPlatforms) = preSolution
		Debug|Any CPU = Debug|Any CPU
		Release|Any CPU = Release|Any CPU
	EndGlobalSection
	GlobalSection(ProjectConfigurationPlatforms) = postSolution
		{7DC4081C-DC07-4591-A42F-F68241ABB29C}.Debug|Any CPU.ActiveCfg = Debug|Any CPU
		{7DC4081C-DC07-4591-A42F-F68241ABB29C}.Debug|Any CPU.Build.0 = Debug|Any CPU
		{7DC4081C-DC07-4591-A42F-F68241ABB29C}.Release|Any CPU.ActiveCfg = Release|Any CPU
		{7DC4081C-DC07-4591-A42F-F68241ABB29C}.Release|Any CPU.Build.0 = Release|Any CPU
		{53BF5CC0-C458-4ADD-A8CB-87223E98C7CA}.Debug|Any CPU.ActiveCfg = Debug|Any CPU
		{53BF5CC0-C458-4ADD-A8CB-87223E98C7CA}.Debug|Any CPU.Build.0 = Debug|Any CPU
		{53BF5CC0-C458-4ADD-A8CB-87223E98C7CA}.Release|Any CPU.ActiveCfg = Release|Any CPU
		{53BF5CC0-C458-4ADD-A8CB-87223E98C7CA}.Release|Any CPU.Build.0 = Release|Any CPU
		{E65913AC-C30D-494B-B11E-473FD448A981}.Debug|Any CPU.ActiveCfg = Debug|Any CPU
		{E65913AC-C30D-494B-B11E-473FD448A981}.Debug|Any CPU.Build.0 = Debug|Any CPU
		{E65913AC-C30D-494B-B11E-473FD448A981}.Release|Any CPU.ActiveCfg = Release|Any CPU
		{E65913AC-C30D-494B-B11E-473FD448A981}.Release|Any CPU.Build.0 = Release|Any CPU
		{5A6F4359-B1A3-4838-BDA5-D209D81D3F18}.Debug|Any CPU.ActiveCfg = Debug|Any CPU
		{5A6F4359-B1A3-4838-BDA5-D209D81D3F18}.Debug|Any CPU.Build.0 = Debug|Any CPU
		{5A6F4359-B1A3-4838-BDA5-D209D81D3F18}.Release|Any CPU.ActiveCfg = Release|Any CPU
		{5A6F4359-B1A3-4838-BDA5-D209D81D3F18}.Release|Any CPU.Build.0 = Release|Any CPU
	EndGlobalSection
	GlobalSection(SolutionProperties) = preSolution
		HideSolutionNode = FALSE
	EndGlobalSection
EndGlobal
